Microsoft Visual Studio Solution File, Format Version 12.00
# Visual Studio 2012
Project("{FAE04EC0-301F-11D3-BF4B-00C04F79EFBC}") = "Couchbase.ComClient", "Couchbase.ComClient\Couchbase.ComClient.csproj", "{0EE2838C-4170-4E1A-96B8-411AD9DC92DC}"
EndProject
Project("{2150E333-8FDC-42A3-9474-1A3956D46DE8}") = "scripts", "scripts", "{4B141AF4-2396-40B0-A6B0-A27948DA83F1}"
	ProjectSection(SolutionItems) = preProject
		scripts\com-register.cmd = scripts\com-register.cmd
		scripts\hello-world.config = scripts\hello-world.config
		scripts\hello-world.vbs = scripts\hello-world.vbs
	EndProjectSection
EndProject
Global
	GlobalSection(SolutionConfigurationPlatforms) = preSolution
		Debug|Any CPU = Debug|Any CPU
		Release|Any CPU = Release|Any CPU
	EndGlobalSection
	GlobalSection(ProjectConfigurationPlatforms) = postSolution
		{0EE2838C-4170-4E1A-96B8-411AD9DC92DC}.Debug|Any CPU.ActiveCfg = Debug|Any CPU
		{0EE2838C-4170-4E1A-96B8-411AD9DC92DC}.Debug|Any CPU.Build.0 = Debug|Any CPU
		{0EE2838C-4170-4E1A-96B8-411AD9DC92DC}.Release|Any CPU.ActiveCfg = Release|Any CPU
		{0EE2838C-4170-4E1A-96B8-411AD9DC92DC}.Release|Any CPU.Build.0 = Release|Any CPU
	EndGlobalSection
	GlobalSection(SolutionProperties) = preSolution
		HideSolutionNode = FALSE
	EndGlobalSection
EndGlobal
